
Microsoft Visual Studio Solution File, Format Version 12.00
# Visual Studio 2012
Project("{FAE04EC0-301F-11D3-BF4B-00C04F79EFBC}") = "TermProject5", "TermProject5\TermProject5.csproj", "{A449BF6C-8DF1-473A-AF6C-2E66707F062C}"
EndProject
Global
	GlobalSection(SolutionConfigurationPlatforms) = preSolution
		Debug|Any CPU = Debug|Any CPU
		Release|Any CPU = Release|Any CPU
	EndGlobalSection
	GlobalSection(ProjectConfigurationPlatforms) = postSolution
		{A449BF6C-8DF1-473A-AF6C-2E66707F062C}.Debug|Any CPU.ActiveCfg = Debug|Any CPU
		{A449BF6C-8DF1-473A-AF6C-2E66707F062C}.Debug|Any CPU.Build.0 = Debug|Any CPU
		{A449BF6C-8DF1-473A-AF6C-2E66707F062C}.Release|Any CPU.ActiveCfg = Release|Any CPU
		{A449BF6C-8DF1-473A-AF6C-2E66707F062C}.Release|Any CPU.Build.0 = Release|Any CPU
	EndGlobalSection
	GlobalSection(SolutionProperties) = preSolution
		HideSolutionNode = FALSE
	EndGlobalSection
EndGlobal
